
Microsoft Visual Studio Solution File, Format Version 12.00
# Visual Studio Version 16
VisualStudioVersion = 16.0.31402.337
MinimumVisualStudioVersion = 10.0.40219.1
Project("{FAE04EC0-301F-11D3-BF4B-00C04F79EFBC}") = "RedisTest", "RedisTest.csproj", "{15DB3F0F-D0AB-43FF-AFC5-75CB34D68712}"
EndProject
Global
	GlobalSection(SolutionConfigurationPlatforms) = preSolution
		Debug|Any CPU = Debug|Any CPU
		Release|Any CPU = Release|Any CPU
	EndGlobalSection
	GlobalSection(ProjectConfigurationPlatforms) = postSolution
		{15DB3F0F-D0AB-43FF-AFC5-75CB34D68712}.Debug|Any CPU.ActiveCfg = Debug|Any CPU
		{15DB3F0F-D0AB-43FF-AFC5-75CB34D68712}.Debug|Any CPU.Build.0 = Debug|Any CPU
		{15DB3F0F-D0AB-43FF-AFC5-75CB34D68712}.Release|Any CPU.ActiveCfg = Release|Any CPU
		{15DB3F0F-D0AB-43FF-AFC5-75CB34D68712}.Release|Any CPU.Build.0 = Release|Any CPU
	EndGlobalSection
	GlobalSection(SolutionProperties) = preSolution
		HideSolutionNode = FALSE
	EndGlobalSection
	GlobalSection(ExtensibilityGlobals) = postSolution
		SolutionGuid = {BDE9C7FB-FDD1-4C6D-887A-911B260B0568}
	EndGlobalSection
EndGlobal
